
Microsoft Visual Studio Solution File, Format Version 12.00
# Visual Studio Version 17
VisualStudioVersion = 17.7.34003.232
MinimumVisualStudioVersion = 10.0.40219.1
Project("{FAE04EC0-301F-11D3-BF4B-00C04F79EFBC}") = "mvc", "mvc\mvc.csproj", "{3CAD1D41-C458-438F-8206-F99E3D25770E}"
EndProject
Global
	GlobalSection(SolutionConfigurationPlatforms) = preSolution
		Debug|Any CPU = Debug|Any CPU
		Release|Any CPU = Release|Any CPU
	EndGlobalSection
	GlobalSection(ProjectConfigurationPlatforms) = postSolution
		{3CAD1D41-C458-438F-8206-F99E3D25770E}.Debug|Any CPU.ActiveCfg = Debug|Any CPU
		{3CAD1D41-C458-438F-8206-F99E3D25770E}.Debug|Any CPU.Build.0 = Debug|Any CPU
		{3CAD1D41-C458-438F-8206-F99E3D25770E}.Release|Any CPU.ActiveCfg = Release|Any CPU
		{3CAD1D41-C458-438F-8206-F99E3D25770E}.Release|Any CPU.Build.0 = Release|Any CPU
	EndGlobalSection
	GlobalSection(SolutionProperties) = preSolution
		HideSolutionNode = FALSE
	EndGlobalSection
	GlobalSection(ExtensibilityGlobals) = postSolution
		SolutionGuid = {D3CAC5B0-C0CE-427B-BDC8-9F0613A7BB68}
	EndGlobalSection
EndGlobal
